
Microsoft Visual Studio Solution File, Format Version 12.00
# Visual Studio Version 17
VisualStudioVersion = 17.5.33424.131
MinimumVisualStudioVersion = 10.0.40219.1
Project("{9A19103F-16F7-4668-BE54-9A1E7A4F7556}") = "ViewSettingsEF.Module", "ViewSettingsEF.Module\ViewSettingsEF.Module.csproj", "{3D46358B-F1FB-474D-B7DC-90316858A7A1}"
EndProject
Project("{9A19103F-16F7-4668-BE54-9A1E7A4F7556}") = "ViewSettingsEF.Win", "ViewSettingsEF.Win\ViewSettingsEF.Win.csproj", "{4B2622A1-66DA-4FB0-841D-9554522844A7}"
EndProject
Project("{9A19103F-16F7-4668-BE54-9A1E7A4F7556}") = "ViewSettingsEF.Blazor.Server", "ViewSettingsEF.Blazor.Server\ViewSettingsEF.Blazor.Server.csproj", "{6467608D-1323-45CD-BE6C-C2BBF8321BDB}"
EndProject
Global
	GlobalSection(SolutionConfigurationPlatforms) = preSolution
		Debug|Any CPU = Debug|Any CPU
		EasyTest|Any CPU = EasyTest|Any CPU
		Release|Any CPU = Release|Any CPU
	EndGlobalSection
	GlobalSection(ProjectConfigurationPlatforms) = postSolution
		{3D46358B-F1FB-474D-B7DC-90316858A7A1}.Debug|Any CPU.ActiveCfg = Debug|Any CPU
		{3D46358B-F1FB-474D-B7DC-90316858A7A1}.Debug|Any CPU.Build.0 = Debug|Any CPU
		{3D46358B-F1FB-474D-B7DC-90316858A7A1}.EasyTest|Any CPU.ActiveCfg = EasyTest|Any CPU
		{3D46358B-F1FB-474D-B7DC-90316858A7A1}.EasyTest|Any CPU.Build.0 = EasyTest|Any CPU
		{3D46358B-F1FB-474D-B7DC-90316858A7A1}.Release|Any CPU.ActiveCfg = Release|Any CPU
		{3D46358B-F1FB-474D-B7DC-90316858A7A1}.Release|Any CPU.Build.0 = Release|Any CPU
		{4B2622A1-66DA-4FB0-841D-9554522844A7}.Debug|Any CPU.ActiveCfg = Debug|Any CPU
		{4B2622A1-66DA-4FB0-841D-9554522844A7}.Debug|Any CPU.Build.0 = Debug|Any CPU
		{4B2622A1-66DA-4FB0-841D-9554522844A7}.EasyTest|Any CPU.ActiveCfg = EasyTest|Any CPU
		{4B2622A1-66DA-4FB0-841D-9554522844A7}.EasyTest|Any CPU.Build.0 = EasyTest|Any CPU
		{4B2622A1-66DA-4FB0-841D-9554522844A7}.Release|Any CPU.ActiveCfg = Release|Any CPU
		{4B2622A1-66DA-4FB0-841D-9554522844A7}.Release|Any CPU.Build.0 = Release|Any CPU
		{6467608D-1323-45CD-BE6C-C2BBF8321BDB}.Debug|Any CPU.ActiveCfg = Debug|Any CPU
		{6467608D-1323-45CD-BE6C-C2BBF8321BDB}.Debug|Any CPU.Build.0 = Debug|Any CPU
		{6467608D-1323-45CD-BE6C-C2BBF8321BDB}.EasyTest|Any CPU.ActiveCfg = EasyTest|Any CPU
		{6467608D-1323-45CD-BE6C-C2BBF8321BDB}.EasyTest|Any CPU.Build.0 = EasyTest|Any CPU
		{6467608D-1323-45CD-BE6C-C2BBF8321BDB}.Release|Any CPU.ActiveCfg = Release|Any CPU
		{6467608D-1323-45CD-BE6C-C2BBF8321BDB}.Release|Any CPU.Build.0 = Release|Any CPU
	EndGlobalSection
	GlobalSection(SolutionProperties) = preSolution
		HideSolutionNode = FALSE
	EndGlobalSection
EndGlobal
